// !$*UTF8*$!
{
	archiveVersion = 1;
	classes = {
	};
	objectVersion = 50;
	objects = {

/* Begin PBXBuildFile section */
		9712802022EB1628005F9BA2 /* add.png in Resources */ = {isa = PBXBuildFile; fileRef = 9712801F22EB1628005F9BA2 /* add.png */; };
		9712803922EB20EE005F9BA2 /* JSONModel.m in Sources */ = {isa = PBXBuildFile; fileRef = 9712802522EB20EE005F9BA2 /* JSONModel.m */; };
		9712803A22EB20EE005F9BA2 /* JSONModelClassProperty.m in Sources */ = {isa = PBXBuildFile; fileRef = 9712802722EB20EE005F9BA2 /* JSONModelClassProperty.m */; };
		9712803B22EB20EE005F9BA2 /* JSONModelError.m in Sources */ = {isa = PBXBuildFile; fileRef = 9712802922EB20EE005F9BA2 /* JSONModelError.m */; };
		9712803C22EB20EE005F9BA2 /* JSONAPI.m in Sources */ = {isa = PBXBuildFile; fileRef = 9712802D22EB20EE005F9BA2 /* JSONAPI.m */; };
		9712803D22EB20EE005F9BA2 /* JSONHTTPClient.m in Sources */ = {isa = PBXBuildFile; fileRef = 9712802F22EB20EE005F9BA2 /* JSONHTTPClient.m */; };
		9712803E22EB20EE005F9BA2 /* JSONModel+networking.m in Sources */ = {isa = PBXBuildFile; fileRef = 9712803122EB20EE005F9BA2 /* JSONModel+networking.m */; };
		9712803F22EB20EE005F9BA2 /* JSONKeyMapper.m in Sources */ = {isa = PBXBuildFile; fileRef = 9712803422EB20EE005F9BA2 /* JSONKeyMapper.m */; };
		9712804022EB20EE005F9BA2 /* JSONValueTransformer.m in Sources */ = {isa = PBXBuildFile; fileRef = 9712803622EB20EE005F9BA2 /* JSONValueTransformer.m */; };
		9712804122EB20EE005F9BA2 /* LICENSE in Resources */ = {isa = PBXBuildFile; fileRef = 9712803722EB20EE005F9BA2 /* LICENSE */; };
		9712804222EB20EE005F9BA2 /* README.md in Resources */ = {isa = PBXBuildFile; fileRef = 9712803822EB20EE005F9BA2 /* README.md */; };
		9712804522EB21D4005F9BA2 /* PhoneModel.m in Sources */ = {isa = PBXBuildFile; fileRef = 9712804422EB21D4005F9BA2 /* PhoneModel.m */; };
		9721321622E9D71400A65D1C /* AppDelegate.m in Sources */ = {isa = PBXBuildFile; fileRef = 9721321522E9D71400A65D1C /* AppDelegate.m */; };
		9721321922E9D71400A65D1C /* ViewController.m in Sources */ = {isa = PBXBuildFile; fileRef = 9721321822E9D71400A65D1C /* ViewController.m */; };
		9721321C22E9D71400A65D1C /* Main.storyboard in Resources */ = {isa = PBXBuildFile; fileRef = 9721321A22E9D71400A65D1C /* Main.storyboard */; };
		9721321E22E9D71600A65D1C /* Assets.xcassets in Resources */ = {isa = PBXBuildFile; fileRef = 9721321D22E9D71600A65D1C /* Assets.xcassets */; };
		9721322122E9D71600A65D1C /* LaunchScreen.storyboard in Resources */ = {isa = PBXBuildFile; fileRef = 9721321F22E9D71600A65D1C /* LaunchScreen.storyboard */; };
		9721322422E9D71600A65D1C /* main.m in Sources */ = {isa = PBXBuildFile; fileRef = 9721322322E9D71600A65D1C /* main.m */; };
		9721322E22E9D71700A65D1C /* tableViewCell__Tests.m in Sources */ = {isa = PBXBuildFile; fileRef = 9721322D22E9D71700A65D1C /* tableViewCell__Tests.m */; };
		9721323922E9D71700A65D1C /* tableViewCell__UITests.m in Sources */ = {isa = PBXBuildFile; fileRef = 9721323822E9D71700A65D1C /* tableViewCell__UITests.m */; };
		9721324722E9D72F00A65D1C /* ServerData.json in Resources */ = {isa = PBXBuildFile; fileRef = 9721324622E9D72F00A65D1C /* ServerData.json */; };
		9721324A22E9D77F00A65D1C /* ProfileModel.m in Sources */ = {isa = PBXBuildFile; fileRef = 9721324922E9D77F00A65D1C /* ProfileModel.m */; };
		97301AE322EAFBB700ACC81F /* OneTableViewCell.m in Sources */ = {isa = PBXBuildFile; fileRef = 97301AE222EAFBB700ACC81F /* OneTableViewCell.m */; };
		97301AE622EAFBC300ACC81F /* TwoTableViewCell.m in Sources */ = {isa = PBXBuildFile; fileRef = 97301AE522EAFBC300ACC81F /* TwoTableViewCell.m */; };
		97CC7AAF22EED5390007F637 /* DoubanModel.m in Sources */ = {isa = PBXBuildFile; fileRef = 97CC7AAE22EED5390007F637 /* DoubanModel.m */; };
/* End PBXBuildFile section */

/* Begin PBXContainerItemProxy section */
		9721322A22E9D71700A65D1C /* PBXContainerItemProxy */ = {
			isa = PBXContainerItemProxy;
			containerPortal = 9721320922E9D71400A65D1C /* Project object */;
			proxyType = 1;
			remoteGlobalIDString = 9721321022E9D71400A65D1C;
			remoteInfo = "tableViewCell多样";
		};
		9721323522E9D71700A65D1C /* PBXContainerItemProxy */ = {
			isa = PBXContainerItemProxy;
			containerPortal = 9721320922E9D71400A65D1C /* Project object */;
			proxyType = 1;
			remoteGlobalIDString = 9721321022E9D71400A65D1C;
			remoteInfo = "tableViewCell多样";
		};
/* End PBXContainerItemProxy section */

/* Begin PBXFileReference section */
		9712801F22EB1628005F9BA2 /* add.png */ = {isa = PBXFileReference; lastKnownFileType = image.png; path = add.png; sourceTree = "<group>"; };
		9712802422EB20EE005F9BA2 /* JSONModel.h */ = {isa = PBXFileReference; fileEncoding = 4; lastKnownFileType = sourcecode.c.h; path = JSONModel.h; sourceTree = "<group>"; };
		9712802522EB20EE005F9BA2 /* JSONModel.m */ = {isa = PBXFileReference; fileEncoding = 4; lastKnownFileType = sourcecode.c.objc; path = JSONModel.m; sourceTree = "<group>"; };
		9712802622EB20EE005F9BA2 /* JSONModelClassProperty.h */ = {isa = PBXFileReference; fileEncoding = 4; lastKnownFileType = sourcecode.c.h; path = JSONModelClassProperty.h; sourceTree = "<group>"; };
		9712802722EB20EE005F9BA2 /* JSONModelClassProperty.m */ = {isa = PBXFileReference; fileEncoding = 4; lastKnownFileType = sourcecode.c.objc; path = JSONModelClassProperty.m; sourceTree = "<group>"; };
		9712802822EB20EE005F9BA2 /* JSONModelError.h */ = {isa = PBXFileReference; fileEncoding = 4; lastKnownFileType = sourcecode.c.h; path = JSONModelError.h; sourceTree = "<group>"; };
		9712802922EB20EE005F9BA2 /* JSONModelError.m */ = {isa = PBXFileReference; fileEncoding = 4; lastKnownFileType = sourcecode.c.objc; path = JSONModelError.m; sourceTree = "<group>"; };
		9712802A22EB20EE005F9BA2 /* JSONModelLib.h */ = {isa = PBXFileReference; fileEncoding = 4; lastKnownFileType = sourcecode.c.h; path = JSONModelLib.h; sourceTree = "<group>"; };
		9712802C22EB20EE005F9BA2 /* JSONAPI.h */ = {isa = PBXFileReference; fileEncoding = 4; lastKnownFileType = sourcecode.c.h; path = JSONAPI.h; sourceTree = "<group>"; };
		9712802D22EB20EE005F9BA2 /* JSONAPI.m */ = {isa = PBXFileReference; fileEncoding = 4; lastKnownFileType = sourcecode.c.objc; path = JSONAPI.m; sourceTree = "<group>"; };
		9712802E22EB20EE005F9BA2 /* JSONHTTPClient.h */ = {isa = PBXFileReference; fileEncoding = 4; lastKnownFileType = sourcecode.c.h; path = JSONHTTPClient.h; sourceTree = "<group>"; };
		9712802F22EB20EE005F9BA2 /* JSONHTTPClient.m */ = {isa = PBXFileReference; fileEncoding = 4; lastKnownFileType = sourcecode.c.objc; path = JSONHTTPClient.m; sourceTree = "<group>"; };
		9712803022EB20EE005F9BA2 /* JSONModel+networking.h */ = {isa = PBXFileReference; fileEncoding = 4; lastKnownFileType = sourcecode.c.h; path = "JSONModel+networking.h"; sourceTree = "<group>"; };
		9712803122EB20EE005F9BA2 /* JSONModel+networking.m */ = {isa = PBXFileReference; fileEncoding = 4; lastKnownFileType = sourcecode.c.objc; path = "JSONModel+networking.m"; sourceTree = "<group>"; };
		9712803322EB20EE005F9BA2 /* JSONKeyMapper.h */ = {isa = PBXFileReference; fileEncoding = 4; lastKnownFileType = sourcecode.c.h; path = JSONKeyMapper.h; sourceTree = "<group>"; };
		9712803422EB20EE005F9BA2 /* JSONKeyMapper.m */ = {isa = PBXFileReference; fileEncoding = 4; lastKnownFileType = sourcecode.c.objc; path = JSONKeyMapper.m; sourceTree = "<group>"; };
		9712803522EB20EE005F9BA2 /* JSONValueTransformer.h */ = {isa = PBXFileReference; fileEncoding = 4; lastKnownFileType = sourcecode.c.h; path = JSONValueTransformer.h; sourceTree = "<group>"; };
		9712803622EB20EE005F9BA2 /* JSONValueTransformer.m */ = {isa = PBXFileReference; fileEncoding = 4; lastKnownFileType = sourcecode.c.objc; path = JSONValueTransformer.m; sourceTree = "<group>"; };
		9712803722EB20EE005F9BA2 /* LICENSE */ = {isa = PBXFileReference; fileEncoding = 4; lastKnownFileType = text; path = LICENSE; sourceTree = "<group>"; };
		9712803822EB20EE005F9BA2 /* README.md */ = {isa = PBXFileReference; fileEncoding = 4; lastKnownFileType = net.daringfireball.markdown; path = README.md; sourceTree = "<group>"; };
		9712804322EB21D4005F9BA2 /* PhoneModel.h */ = {isa = PBXFileReference; lastKnownFileType = sourcecode.c.h; path = PhoneModel.h; sourceTree = "<group>"; };
		9712804422EB21D4005F9BA2 /* PhoneModel.m */ = {isa = PBXFileReference; lastKnownFileType = sourcecode.c.objc; path = PhoneModel.m; sourceTree = "<group>"; };
		9721321122E9D71400A65D1C /* tableViewCell多样.app */ = {isa = PBXFileReference; explicitFileType = wrapper.application; includeInIndex = 0; path = "tableViewCell多样.app"; sourceTree = BUILT_PRODUCTS_DIR; };
		9721321422E9D71400A65D1C /* AppDelegate.h */ = {isa = PBXFileReference; lastKnownFileType = sourcecode.c.h; path = AppDelegate.h; sourceTree = "<group>"; };
		9721321522E9D71400A65D1C /* AppDelegate.m */ = {isa = PBXFileReference; lastKnownFileType = sourcecode.c.objc; path = AppDelegate.m; sourceTree = "<group>"; };
		9721321722E9D71400A65D1C /* ViewController.h */ = {isa = PBXFileReference; lastKnownFileType = sourcecode.c.h; path = ViewController.h; sourceTree = "<group>"; };
		9721321822E9D71400A65D1C /* ViewController.m */ = {isa = PBXFileReference; lastKnownFileType = sourcecode.c.objc; path = ViewController.m; sourceTree = "<group>"; };
		9721321B22E9D71400A65D1C /* Base */ = {isa = PBXFileReference; lastKnownFileType = file.storyboard; name = Base; path = Base.lproj/Main.storyboard; sourceTree = "<group>"; };
		9721321D22E9D71600A65D1C /* Assets.xcassets */ = {isa = PBXFileReference; lastKnownFileType = folder.assetcatalog; path = Assets.xcassets; sourceTree = "<group>"; };
		9721322022E9D71600A65D1C /* Base */ = {isa = PBXFileReference; lastKnownFileType = file.storyboard; name = Base; path = Base.lproj/LaunchScreen.storyboard; sourceTree = "<group>"; };
		9721322222E9D71600A65D1C /* Info.plist */ = {isa = PBXFileReference; lastKnownFileType = text.plist.xml; path = Info.plist; sourceTree = "<group>"; };
		9721322322E9D71600A65D1C /* main.m */ = {isa = PBXFileReference; lastKnownFileType = sourcecode.c.objc; path = main.m; sourceTree = "<group>"; };
		9721322922E9D71700A65D1C /* tableViewCell多样Tests.xctest */ = {isa = PBXFileReference; explicitFileType = wrapper.cfbundle; includeInIndex = 0; path = "tableViewCell多样Tests.xctest"; sourceTree = BUILT_PRODUCTS_DIR; };
		9721322D22E9D71700A65D1C /* tableViewCell__Tests.m */ = {isa = PBXFileReference; lastKnownFileType = sourcecode.c.objc; path = tableViewCell__Tests.m; sourceTree = "<group>"; };
		9721322F22E9D71700A65D1C /* Info.plist */ = {isa = PBXFileReference; lastKnownFileType = text.plist.xml; path = Info.plist; sourceTree = "<group>"; };
		9721323422E9D71700A65D1C /* tableViewCell多样UITests.xctest */ = {isa = PBXFileReference; explicitFileType = wrapper.cfbundle; includeInIndex = 0; path = "tableViewCell多样UITests.xctest"; sourceTree = BUILT_PRODUCTS_DIR; };
		9721323822E9D71700A65D1C /* tableViewCell__UITests.m */ = {isa = PBXFileReference; lastKnownFileType = sourcecode.c.objc; path = tableViewCell__UITests.m; sourceTree = "<group>"; };
		9721323A22E9D71700A65D1C /* Info.plist */ = {isa = PBXFileReference; lastKnownFileType = text.plist.xml; path = Info.plist; sourceTree = "<group>"; };
		9721324622E9D72F00A65D1C /* ServerData.json */ = {isa = PBXFileReference; fileEncoding = 4; lastKnownFileType = text.json; path = ServerData.json; sourceTree = "<group>"; };
		9721324822E9D77F00A65D1C /* ProfileModel.h */ = {isa = PBXFileReference; lastKnownFileType = sourcecode.c.h; path = ProfileModel.h; sourceTree = "<group>"; };
		9721324922E9D77F00A65D1C /* ProfileModel.m */ = {isa = PBXFileReference; lastKnownFileType = sourcecode.c.objc; path = ProfileModel.m; sourceTree = "<group>"; };
		97301AE022EAE40900ACC81F /* ProfileModelProtocol.h */ = {isa = PBXFileReference; lastKnownFileType = sourcecode.c.h; path = ProfileModelProtocol.h; sourceTree = "<group>"; };
		97301AE122EAFBB700ACC81F /* OneTableViewCell.h */ = {isa = PBXFileReference; lastKnownFileType = sourcecode.c.h; path = OneTableViewCell.h; sourceTree = "<group>"; };
		97301AE222EAFBB700ACC81F /* OneTableViewCell.m */ = {isa = PBXFileReference; lastKnownFileType = sourcecode.c.objc; path = OneTableViewCell.m; sourceTree = "<group>"; };
		97301AE422EAFBC300ACC81F /* TwoTableViewCell.h */ = {isa = PBXFileReference; lastKnownFileType = sourcecode.c.h; path = TwoTableViewCell.h; sourceTree = "<group>"; };
		97301AE522EAFBC300ACC81F /* TwoTableViewCell.m */ = {isa = PBXFileReference; lastKnownFileType = sourcecode.c.objc; path = TwoTableViewCell.m; sourceTree = "<group>"; };
		97CC7AAD22EED5390007F637 /* DoubanModel.h */ = {isa = PBXFileReference; lastKnownFileType = sourcecode.c.h; path = DoubanModel.h; sourceTree = "<group>"; };
		97CC7AAE22EED5390007F637 /* DoubanModel.m */ = {isa = PBXFileReference; lastKnownFileType = sourcecode.c.objc; path = DoubanModel.m; sourceTree = "<group>"; };
/* End PBXFileReference section */

/* Begin PBXFrameworksBuildPhase section */
		9721320E22E9D71400A65D1C /* Frameworks */ = {
			isa = PBXFrameworksBuildPhase;
			buildActionMask = 2147483647;
			files = (
			);
			runOnlyForDeploymentPostprocessing = 0;
		};
		9721322622E9D71700A65D1C /* Frameworks */ = {
			isa = PBXFrameworksBuildPhase;
			buildActionMask = 2147483647;
			files = (
			);
			runOnlyForDeploymentPostprocessing = 0;
		};
		9721323122E9D71700A65D1C /* Frameworks */ = {
			isa = PBXFrameworksBuildPhase;
			buildActionMask = 2147483647;
			files = (
			);
			runOnlyForDeploymentPostprocessing = 0;
		};
/* End PBXFrameworksBuildPhase section */

/* Begin PBXGroup section */
		9712802122EB20EE005F9BA2 /* JSONModel */ = {
			isa = PBXGroup;
			children = (
				9712802222EB20EE005F9BA2 /* JSONModel */,
				9712803722EB20EE005F9BA2 /* LICENSE */,
				9712803822EB20EE005F9BA2 /* README.md */,
			);
			path = JSONModel;
			sourceTree = "<group>";
		};
		9712802222EB20EE005F9BA2 /* JSONModel */ = {
			isa = PBXGroup;
			children = (
				9712802322EB20EE005F9BA2 /* JSONModel */,
				9712802A22EB20EE005F9BA2 /* JSONModelLib.h */,
				9712802B22EB20EE005F9BA2 /* JSONModelNetworking */,
				9712803222EB20EE005F9BA2 /* JSONModelTransformations */,
			);
			path = JSONModel;
			sourceTree = "<group>";
		};
		9712802322EB20EE005F9BA2 /* JSONModel */ = {
			isa = PBXGroup;
			children = (
				9712802422EB20EE005F9BA2 /* JSONModel.h */,
				9712802522EB20EE005F9BA2 /* JSONModel.m */,
				9712802622EB20EE005F9BA2 /* JSONModelClassProperty.h */,
				9712802722EB20EE005F9BA2 /* JSONModelClassProperty.m */,
				9712802822EB20EE005F9BA2 /* JSONModelError.h */,
				9712802922EB20EE005F9BA2 /* JSONModelError.m */,
			);
			path = JSONModel;
			sourceTree = "<group>";
		};
		9712802B22EB20EE005F9BA2 /* JSONModelNetworking */ = {
			isa = PBXGroup;
			children = (
				9712802C22EB20EE005F9BA2 /* JSONAPI.h */,
				9712802D22EB20EE005F9BA2 /* JSONAPI.m */,
				9712802E22EB20EE005F9BA2 /* JSONHTTPClient.h */,
				9712802F22EB20EE005F9BA2 /* JSONHTTPClient.m */,
				9712803022EB20EE005F9BA2 /* JSONModel+networking.h */,
				9712803122EB20EE005F9BA2 /* JSONModel+networking.m */,
			);
			path = JSONModelNetworking;
			sourceTree = "<group>";
		};
		9712803222EB20EE005F9BA2 /* JSONModelTransformations */ = {
			isa = PBXGroup;
			children = (
				9712803322EB20EE005F9BA2 /* JSONKeyMapper.h */,
				9712803422EB20EE005F9BA2 /* JSONKeyMapper.m */,
				9712803522EB20EE005F9BA2 /* JSONValueTransformer.h */,
				9712803622EB20EE005F9BA2 /* JSONValueTransformer.m */,
			);
			path = JSONModelTransformations;
			sourceTree = "<group>";
		};
		9721320822E9D71400A65D1C = {
			isa = PBXGroup;
			children = (
				9721321322E9D71400A65D1C /* tableViewCell多样 */,
				9721322C22E9D71700A65D1C /* tableViewCell多样Tests */,
				9721323722E9D71700A65D1C /* tableViewCell多样UITests */,
				9721321222E9D71400A65D1C /* Products */,
			);
			sourceTree = "<group>";
		};
		9721321222E9D71400A65D1C /* Products */ = {
			isa = PBXGroup;
			children = (
				9721321122E9D71400A65D1C /* tableViewCell多样.app */,
				9721322922E9D71700A65D1C /* tableViewCell多样Tests.xctest */,
				9721323422E9D71700A65D1C /* tableViewCell多样UITests.xctest */,
			);
			name = Products;
			sourceTree = "<group>";
		};
		9721321322E9D71400A65D1C /* tableViewCell多样 */ = {
			isa = PBXGroup;
			children = (
				9712802122EB20EE005F9BA2 /* JSONModel */,
				9721321422E9D71400A65D1C /* AppDelegate.h */,
				9721321522E9D71400A65D1C /* AppDelegate.m */,
				9721321722E9D71400A65D1C /* ViewController.h */,
				9721321822E9D71400A65D1C /* ViewController.m */,
				9721321A22E9D71400A65D1C /* Main.storyboard */,
				9721321D22E9D71600A65D1C /* Assets.xcassets */,
				9721321F22E9D71600A65D1C /* LaunchScreen.storyboard */,
				9721322222E9D71600A65D1C /* Info.plist */,
				9721322322E9D71600A65D1C /* main.m */,
				9721324622E9D72F00A65D1C /* ServerData.json */,
				9721324822E9D77F00A65D1C /* ProfileModel.h */,
				9721324922E9D77F00A65D1C /* ProfileModel.m */,
				97301AE022EAE40900ACC81F /* ProfileModelProtocol.h */,
				97301AE122EAFBB700ACC81F /* OneTableViewCell.h */,
				97301AE222EAFBB700ACC81F /* OneTableViewCell.m */,
				97301AE422EAFBC300ACC81F /* TwoTableViewCell.h */,
				97301AE522EAFBC300ACC81F /* TwoTableViewCell.m */,
				9712801F22EB1628005F9BA2 /* add.png */,
				9712804322EB21D4005F9BA2 /* PhoneModel.h */,
				9712804422EB21D4005F9BA2 /* PhoneModel.m */,
				97CC7AAD22EED5390007F637 /* DoubanModel.h */,
				97CC7AAE22EED5390007F637 /* DoubanModel.m */,
			);
			path = "tableViewCell多样";
			sourceTree = "<group>";
		};
		9721322C22E9D71700A65D1C /* tableViewCell多样Tests */ = {
			isa = PBXGroup;
			children = (
				9721322D22E9D71700A65D1C /* tableViewCell__Tests.m */,
				9721322F22E9D71700A65D1C /* Info.plist */,
			);
			path = "tableViewCell多样Tests";
			sourceTree = "<group>";
		};
		9721323722E9D71700A65D1C /* tableViewCell多样UITests */ = {
			isa = PBXGroup;
			children = (
				9721323822E9D71700A65D1C /* tableViewCell__UITests.m */,
				9721323A22E9D71700A65D1C /* Info.plist */,
			);
			path = "tableViewCell多样UITests";
			sourceTree = "<group>";
		};
/* End PBXGroup section */

/* Begin PBXNativeTarget section */
		9721321022E9D71400A65D1C /* tableViewCell多样 */ = {
			isa = PBXNativeTarget;
			buildConfigurationList = 9721323D22E9D71700A65D1C /* Build configuration list for PBXNativeTarget "tableViewCell多样" */;
			buildPhases = (
				9721320D22E9D71400A65D1C /* Sources */,
				9721320E22E9D71400A65D1C /* Frameworks */,
				9721320F22E9D71400A65D1C /* Resources */,
			);
			buildRules = (
			);
			dependencies = (
			);
			name = "tableViewCell多样";
			productName = "tableViewCell多样";
			productReference = 9721321122E9D71400A65D1C /* tableViewCell多样.app */;
			productType = "com.apple.product-type.application";
		};
		9721322822E9D71700A65D1C /* tableViewCell多样Tests */ = {
			isa = PBXNativeTarget;
			buildConfigurationList = 9721324022E9D71700A65D1C /* Build configuration list for PBXNativeTarget "tableViewCell多样Tests" */;
			buildPhases = (
				9721322522E9D71700A65D1C /* Sources */,
				9721322622E9D71700A65D1C /* Frameworks */,
				9721322722E9D71700A65D1C /* Resources */,
			);
			buildRules = (
			);
			dependencies = (
				9721322B22E9D71700A65D1C /* PBXTargetDependency */,
			);
			name = "tableViewCell多样Tests";
			productName = "tableViewCell多样Tests";
			productReference = 9721322922E9D71700A65D1C /* tableViewCell多样Tests.xctest */;
			productType = "com.apple.product-type.bundle.unit-test";
		};
		9721323322E9D71700A65D1C /* tableViewCell多样UITests */ = {
			isa = PBXNativeTarget;
			buildConfigurationList = 9721324322E9D71700A65D1C /* Build configuration list for PBXNativeTarget "tableViewCell多样UITests" */;
			buildPhases = (
				9721323022E9D71700A65D1C /* Sources */,
				9721323122E9D71700A65D1C /* Frameworks */,
				9721323222E9D71700A65D1C /* Resources */,
			);
			buildRules = (
			);
			dependencies = (
				9721323622E9D71700A65D1C /* PBXTargetDependency */,
			);
			name = "tableViewCell多样UITests";
			productName = "tableViewCell多样UITests";
			productReference = 9721323422E9D71700A65D1C /* tableViewCell多样UITests.xctest */;
			productType = "com.apple.product-type.bundle.ui-testing";
		};
/* End PBXNativeTarget section */

/* Begin PBXProject section */
		9721320922E9D71400A65D1C /* Project object */ = {
			isa = PBXProject;
			attributes = {
				LastUpgradeCheck = 1020;
				ORGANIZATIONNAME = "强淑婷";
				TargetAttributes = {
					9721321022E9D71400A65D1C = {
						CreatedOnToolsVersion = 10.2.1;
					};
					9721322822E9D71700A65D1C = {
						CreatedOnToolsVersion = 10.2.1;
						TestTargetID = 9721321022E9D71400A65D1C;
					};
					9721323322E9D71700A65D1C = {
						CreatedOnToolsVersion = 10.2.1;
						TestTargetID = 9721321022E9D71400A65D1C;
					};
				};
			};
			buildConfigurationList = 9721320C22E9D71400A65D1C /* Build configuration list for PBXProject "tableViewCell多样" */;
			compatibilityVersion = "Xcode 9.3";
			developmentRegion = en;
			hasScannedForEncodings = 0;
			knownRegions = (
				en,
				Base,
			);
			mainGroup = 9721320822E9D71400A65D1C;
			productRefGroup = 9721321222E9D71400A65D1C /* Products */;
			projectDirPath = "";
			projectRoot = "";
			targets = (
				9721321022E9D71400A65D1C /* tableViewCell多样 */,
				9721322822E9D71700A65D1C /* tableViewCell多样Tests */,
				9721323322E9D71700A65D1C /* tableViewCell多样UITests */,
			);
		};
/* End PBXProject section */

/* Begin PBXResourcesBuildPhase section */
		9721320F22E9D71400A65D1C /* Resources */ = {
			isa = PBXResourcesBuildPhase;
			buildActionMask = 2147483647;
			files = (
				9712804122EB20EE005F9BA2 /* LICENSE in Resources */,
				9712802022EB1628005F9BA2 /* add.png in Resources */,
				9721324722E9D72F00A65D1C /* ServerData.json in Resources */,
				9712804222EB20EE005F9BA2 /* README.md in Resources */,
				9721322122E9D71600A65D1C /* LaunchScreen.storyboard in Resources */,
				9721321E22E9D71600A65D1C /* Assets.xcassets in Resources */,
				9721321C22E9D71400A65D1C /* Main.storyboard in Resources */,
			);
			runOnlyForDeploymentPostprocessing = 0;
		};
		9721322722E9D71700A65D1C /* Resources */ = {
			isa = PBXResourcesBuildPhase;
			buildActionMask = 2147483647;
			files = (
			);
			runOnlyForDeploymentPostprocessing = 0;
		};
		9721323222E9D71700A65D1C /* Resources */ = {
			isa = PBXResourcesBuildPhase;
			buildActionMask = 2147483647;
			files = (
			);
			runOnlyForDeploymentPostprocessing = 0;
		};
/* End PBXResourcesBuildPhase section */

/* Begin PBXSourcesBuildPhase section */
		9721320D22E9D71400A65D1C /* Sources */ = {
			isa = PBXSourcesBuildPhase;
			buildActionMask = 2147483647;
			files = (
				9712803922EB20EE005F9BA2 /* JSONModel.m in Sources */,
				9712803A22EB20EE005F9BA2 /* JSONModelClassProperty.m in Sources */,
				97CC7AAF22EED5390007F637 /* DoubanModel.m in Sources */,
				9721321922E9D71400A65D1C /* ViewController.m in Sources */,
				9712803B22EB20EE005F9BA2 /* JSONModelError.m in Sources */,
				9721322422E9D71600A65D1C /* main.m in Sources */,
				9712804522EB21D4005F9BA2 /* PhoneModel.m in Sources */,
				9712803F22EB20EE005F9BA2 /* JSONKeyMapper.m in Sources */,
				9721321622E9D71400A65D1C /* AppDelegate.m in Sources */,
				97301AE322EAFBB700ACC81F /* OneTableViewCell.m in Sources */,
				9712803E22EB20EE005F9BA2 /* JSONModel+networking.m in Sources */,
				97301AE622EAFBC300ACC81F /* TwoTableViewCell.m in Sources */,
				9712803C22EB20EE005F9BA2 /* JSONAPI.m in Sources */,
				9712804022EB20EE005F9BA2 /* JSONValueTransformer.m in Sources */,
				9712803D22EB20EE005F9BA2 /* JSONHTTPClient.m in Sources */,
				9721324A22E9D77F00A65D1C /* ProfileModel.m in Sources */,
			);
			runOnlyForDeploymentPostprocessing = 0;
		};
		9721322522E9D71700A65D1C /* Sources */ = {
			isa = PBXSourcesBuildPhase;
			buildActionMask = 2147483647;
			files = (
				9721322E22E9D71700A65D1C /* tableViewCell__Tests.m in Sources */,
			);
			runOnlyForDeploymentPostprocessing = 0;
		};
		9721323022E9D71700A65D1C /* Sources */ = {
			isa = PBXSourcesBuildPhase;
			buildActionMask = 2147483647;
			files = (
				9721323922E9D71700A65D1C /* tableViewCell__UITests.m in Sources */,
			);
			runOnlyForDeploymentPostprocessing = 0;
		};
/* End PBXSourcesBuildPhase section */

/* Begin PBXTargetDependency section */
		9721322B22E9D71700A65D1C /* PBXTargetDependency */ = {
			isa = PBXTargetDependency;
			target = 9721321022E9D71400A65D1C /* tableViewCell多样 */;
			targetProxy = 9721322A22E9D71700A65D1C /* PBXContainerItemProxy */;
		};
		9721323622E9D71700A65D1C /* PBXTargetDependency */ = {
			isa = PBXTargetDependency;
			target = 9721321022E9D71400A65D1C /* tableViewCell多样 */;
			targetProxy = 9721323522E9D71700A65D1C /* PBXContainerItemProxy */;
		};
/* End PBXTargetDependency section */

/* Begin PBXVariantGroup section */
		9721321A22E9D71400A65D1C /* Main.storyboard */ = {
			isa = PBXVariantGroup;
			children = (
				9721321B22E9D71400A65D1C /* Base */,
			);
			name = Main.storyboard;
			sourceTree = "<group>";
		};
		9721321F22E9D71600A65D1C /* LaunchScreen.storyboard */ = {
			isa = PBXVariantGroup;
			children = (
				9721322022E9D71600A65D1C /* Base */,
			);
			name = LaunchScreen.storyboard;
			sourceTree = "<group>";
		};
/* End PBXVariantGroup section */

/* Begin XCBuildConfiguration section */
		9721323B22E9D71700A65D1C /* Debug */ = {
			isa = XCBuildConfiguration;
			buildSettings = {
				ALWAYS_SEARCH_USER_PATHS = NO;
				CLANG_ANALYZER_NONNULL = YES;
				CLANG_ANALYZER_NUMBER_OBJECT_CONVERSION = YES_AGGRESSIVE;
				CLANG_CXX_LANGUAGE_STANDARD = "gnu++14";
				CLANG_CXX_LIBRARY = "libc++";
				CLANG_ENABLE_MODULES = YES;
				CLANG_ENABLE_OBJC_ARC = YES;
				CLANG_ENABLE_OBJC_WEAK = YES;
				CLANG_WARN_BLOCK_CAPTURE_AUTORELEASING = YES;
				CLANG_WARN_BOOL_CONVERSION = YES;
				CLANG_WARN_COMMA = YES;
				CLANG_WARN_CONSTANT_CONVERSION = YES;
				CLANG_WARN_DEPRECATED_OBJC_IMPLEMENTATIONS = YES;
				CLANG_WARN_DIRECT_OBJC_ISA_USAGE = YES_ERROR;
				CLANG_WARN_DOCUMENTATION_COMMENTS = YES;
				CLANG_WARN_EMPTY_BODY = YES;
				CLANG_WARN_ENUM_CONVERSION = YES;
				CLANG_WARN_INFINITE_RECURSION = YES;
				CLANG_WARN_INT_CONVERSION = YES;
				CLANG_WARN_NON_LITERAL_NULL_CONVERSION = YES;
				CLANG_WARN_OBJC_IMPLICIT_RETAIN_SELF = YES;
				CLANG_WARN_OBJC_LITERAL_CONVERSION = YES;
				CLANG_WARN_OBJC_ROOT_CLASS = YES_ERROR;
				CLANG_WARN_RANGE_LOOP_ANALYSIS = YES;
				CLANG_WARN_STRICT_PROTOTYPES = YES;
				CLANG_WARN_SUSPICIOUS_MOVE = YES;
				CLANG_WARN_UNGUARDED_AVAILABILITY = YES_AGGRESSIVE;
				CLANG_WARN_UNREACHABLE_CODE = YES;
				CLANG_WARN__DUPLICATE_METHOD_MATCH = YES;
				CODE_SIGN_IDENTITY = "iPhone Developer";
				COPY_PHASE_STRIP = NO;
				DEBUG_INFORMATION_FORMAT = dwarf;
				ENABLE_STRICT_OBJC_MSGSEND = YES;
				ENABLE_TESTABILITY = YES;
				GCC_C_LANGUAGE_STANDARD = gnu11;
				GCC_DYNAMIC_NO_PIC = NO;
				GCC_NO_COMMON_BLOCKS = YES;
				GCC_OPTIMIZATION_LEVEL = 0;
				GCC_PREPROCESSOR_DEFINITIONS = (
					"DEBUG=1",
					"$(inherited)",
				);
				GCC_WARN_64_TO_32_BIT_CONVERSION = YES;
				GCC_WARN_ABOUT_RETURN_TYPE = YES_ERROR;
				GCC_WARN_UNDECLARED_SELECTOR = YES;
				GCC_WARN_UNINITIALIZED_AUTOS = YES_AGGRESSIVE;
				GCC_WARN_UNUSED_FUNCTION = YES;
				GCC_WARN_UNUSED_VARIABLE = YES;
				IPHONEOS_DEPLOYMENT_TARGET = 12.2;
				MTL_ENABLE_DEBUG_INFO = INCLUDE_SOURCE;
				MTL_FAST_MATH = YES;
				ONLY_ACTIVE_ARCH = YES;
				SDKROOT = iphoneos;
			};
			name = Debug;
		};
		9721323C22E9D71700A65D1C /* Release */ = {
			isa = XCBuildConfiguration;
			buildSettings = {
				ALWAYS_SEARCH_USER_PATHS = NO;
				CLANG_ANALYZER_NONNULL = YES;
				CLANG_ANALYZER_NUMBER_OBJECT_CONVERSION = YES_AGGRESSIVE;
				CLANG_CXX_LANGUAGE_STANDARD = "gnu++14";
				CLANG_CXX_LIBRARY = "libc++";
				CLANG_ENABLE_MODULES = YES;
				CLANG_ENABLE_OBJC_ARC = YES;
				CLANG_ENABLE_OBJC_WEAK = YES;
				CLANG_WARN_BLOCK_CAPTURE_AUTORELEASING = YES;
				CLANG_WARN_BOOL_CONVERSION = YES;
				CLANG_WARN_COMMA = YES;
				CLANG_WARN_CONSTANT_CONVERSION = YES;
				CLANG_WARN_DEPRECATED_OBJC_IMPLEMENTATIONS = YES;
				CLANG_WARN_DIRECT_OBJC_ISA_USAGE = YES_ERROR;
				CLANG_WARN_DOCUMENTATION_COMMENTS = YES;
				CLANG_WARN_EMPTY_BODY = YES;
				CLANG_WARN_ENUM_CONVERSION = YES;
				CLANG_WARN_INFINITE_RECURSION = YES;
				CLANG_WARN_INT_CONVERSION = YES;
				CLANG_WARN_NON_LITERAL_NULL_CONVERSION = YES;
				CLANG_WARN_OBJC_IMPLICIT_RETAIN_SELF = YES;
				CLANG_WARN_OBJC_LITERAL_CONVERSION = YES;
				CLANG_WARN_OBJC_ROOT_CLASS = YES_ERROR;
				CLANG_WARN_RANGE_LOOP_ANALYSIS = YES;
				CLANG_WARN_STRICT_PROTOTYPES = YES;
				CLANG_WARN_SUSPICIOUS_MOVE = YES;
				CLANG_WARN_UNGUARDED_AVAILABILITY = YES_AGGRESSIVE;
				CLANG_WARN_UNREACHABLE_CODE = YES;
				CLANG_WARN__DUPLICATE_METHOD_MATCH = YES;
				CODE_SIGN_IDENTITY = "iPhone Developer";
				COPY_PHASE_STRIP = NO;
				DEBUG_INFORMATION_FORMAT = "dwarf-with-dsym";
				ENABLE_NS_ASSERTIONS = NO;
				ENABLE_STRICT_OBJC_MSGSEND = YES;
				GCC_C_LANGUAGE_STANDARD = gnu11;
				GCC_NO_COMMON_BLOCKS = YES;
				GCC_WARN_64_TO_32_BIT_CONVERSION = YES;
				GCC_WARN_ABOUT_RETURN_TYPE = YES_ERROR;
				GCC_WARN_UNDECLARED_SELECTOR = YES;
				GCC_WARN_UNINITIALIZED_AUTOS = YES_AGGRESSIVE;
				GCC_WARN_UNUSED_FUNCTION = YES;
				GCC_WARN_UNUSED_VARIABLE = YES;
				IPHONEOS_DEPLOYMENT_TARGET = 12.2;
				MTL_ENABLE_DEBUG_INFO = NO;
				MTL_FAST_MATH = YES;
				SDKROOT = iphoneos;
				VALIDATE_PRODUCT = YES;
			};
			name = Release;
		};
		9721323E22E9D71700A65D1C /* Debug */ = {
			isa = XCBuildConfiguration;
			buildSettings = {
				ASSETCATALOG_COMPILER_APPICON_NAME = AppIcon;
				CODE_SIGN_STYLE = Automatic;
				DEVELOPMENT_TEAM = MBTAFW6RX9;
				INFOPLIST_FILE = "tableViewCell多样/Info.plist";
				LD_RUNPATH_SEARCH_PATHS = (
					"$(inherited)",
					"@executable_path/Frameworks",
				);
				PRODUCT_BUNDLE_IDENTIFIER = "-.tableViewCell--";
				PRODUCT_NAME = "$(TARGET_NAME)";
				TARGETED_DEVICE_FAMILY = "1,2";
			};
			name = Debug;
		};
		9721323F22E9D71700A65D1C /* Release */ = {
			isa = XCBuildConfiguration;
			buildSettings = {
				ASSETCATALOG_COMPILER_APPICON_NAME = AppIcon;
				CODE_SIGN_STYLE = Automatic;
				DEVELOPMENT_TEAM = MBTAFW6RX9;
				INFOPLIST_FILE = "tableViewCell多样/Info.plist";
				LD_RUNPATH_SEARCH_PATHS = (
					"$(inherited)",
					"@executable_path/Frameworks",
				);
				PRODUCT_BUNDLE_IDENTIFIER = "-.tableViewCell--";
				PRODUCT_NAME = "$(TARGET_NAME)";
				TARGETED_DEVICE_FAMILY = "1,2";
			};
			name = Release;
		};
		9721324122E9D71700A65D1C /* Debug */ = {
			isa = XCBuildConfiguration;
			buildSettings = {
				BUNDLE_LOADER = "$(TEST_HOST)";
				CODE_SIGN_STYLE = Automatic;
				DEVELOPMENT_TEAM = MBTAFW6RX9;
				INFOPLIST_FILE = "tableViewCell多样Tests/Info.plist";
				LD_RUNPATH_SEARCH_PATHS = (
					"$(inherited)",
					"@executable_path/Frameworks",
					"@loader_path/Frameworks",
				);
				PRODUCT_BUNDLE_IDENTIFIER = "-.tableViewCell--Tests";
				PRODUCT_NAME = "$(TARGET_NAME)";
				TARGETED_DEVICE_FAMILY = "1,2";
				TEST_HOST = "$(BUILT_PRODUCTS_DIR)/tableViewCell多样.app/tableViewCell多样";
			};
			name = Debug;
		};
		9721324222E9D71700A65D1C /* Release */ = {
			isa = XCBuildConfiguration;
			buildSettings = {
				BUNDLE_LOADER = "$(TEST_HOST)";
				CODE_SIGN_STYLE = Automatic;
				DEVELOPMENT_TEAM = MBTAFW6RX9;
				INFOPLIST_FILE = "tableViewCell多样Tests/Info.plist";
				LD_RUNPATH_SEARCH_PATHS = (
					"$(inherited)",
					"@executable_path/Frameworks",
					"@loader_path/Frameworks",
				);
				PRODUCT_BUNDLE_IDENTIFIER = "-.tableViewCell--Tests";
				PRODUCT_NAME = "$(TARGET_NAME)";
				TARGETED_DEVICE_FAMILY = "1,2";
				TEST_HOST = "$(BUILT_PRODUCTS_DIR)/tableViewCell多样.app/tableViewCell多样";
			};
			name = Release;
		};
		9721324422E9D71700A65D1C /* Debug */ = {
			isa = XCBuildConfiguration;
			buildSettings = {
				CODE_SIGN_STYLE = Automatic;
				DEVELOPMENT_TEAM = MBTAFW6RX9;
				INFOPLIST_FILE = "tableViewCell多样UITests/Info.plist";
				LD_RUNPATH_SEARCH_PATHS = (
					"$(inherited)",
					"@executable_path/Frameworks",
					"@loader_path/Frameworks",
				);
				PRODUCT_BUNDLE_IDENTIFIER = "-.tableViewCell--UITests";
				PRODUCT_NAME = "$(TARGET_NAME)";
				TARGETED_DEVICE_FAMILY = "1,2";
				TEST_TARGET_NAME = "tableViewCell多样";
			};
			name = Debug;
		};
		9721324522E9D71700A65D1C /* Release */ = {
			isa = XCBuildConfiguration;
			buildSettings = {
				CODE_SIGN_STYLE = Automatic;
				DEVELOPMENT_TEAM = MBTAFW6RX9;
				INFOPLIST_FILE = "tableViewCell多样UITests/Info.plist";
				LD_RUNPATH_SEARCH_PATHS = (
					"$(inherited)",
					"@executable_path/Frameworks",
					"@loader_path/Frameworks",
				);
				PRODUCT_BUNDLE_IDENTIFIER = "-.tableViewCell--UITests";
				PRODUCT_NAME = "$(TARGET_NAME)";
				TARGETED_DEVICE_FAMILY = "1,2";
				TEST_TARGET_NAME = "tableViewCell多样";
			};
			name = Release;
		};
/* End XCBuildConfiguration section */

/* Begin XCConfigurationList section */
		9721320C22E9D71400A65D1C /* Build configuration list for PBXProject "tableViewCell多样" */ = {
			isa = XCConfigurationList;
			buildConfigurations = (
				9721323B22E9D71700A65D1C /* Debug */,
				9721323C22E9D71700A65D1C /* Release */,
			);
			defaultConfigurationIsVisible = 0;
			defaultConfigurationName = Release;
		};
		9721323D22E9D71700A65D1C /* Build configuration list for PBXNativeTarget "tableViewCell多样" */ = {
			isa = XCConfigurationList;
			buildConfigurations = (
				9721323E22E9D71700A65D1C /* Debug */,
				9721323F22E9D71700A65D1C /* Release */,
			);
			defaultConfigurationIsVisible = 0;
			defaultConfigurationName = Release;
		};
		9721324022E9D71700A65D1C /* Build configuration list for PBXNativeTarget "tableViewCell多样Tests" */ = {
			isa = XCConfigurationList;
			buildConfigurations = (
				9721324122E9D71700A65D1C /* Debug */,
				9721324222E9D71700A65D1C /* Release */,
			);
			defaultConfigurationIsVisible = 0;
			defaultConfigurationName = Release;
		};
		9721324322E9D71700A65D1C /* Build configuration list for PBXNativeTarget "tableViewCell多样UITests" */ = {
			isa = XCConfigurationList;
			buildConfigurations = (
				9721324422E9D71700A65D1C /* Debug */,
				9721324522E9D71700A65D1C /* Release */,
			);
			defaultConfigurationIsVisible = 0;
			defaultConfigurationName = Release;
		};
/* End XCConfigurationList section */
	};
	rootObject = 9721320922E9D71400A65D1C /* Project object */;
}
